
Microsoft Visual Studio Solution File, Format Version 12.00
# Visual Studio Version 17
VisualStudioVersion = 17.7.34202.233
MinimumVisualStudioVersion = 10.0.40219.1
Project("{9A19103F-16F7-4668-BE54-9A1E7A4F7556}") = "WebAPIProject", "ConsoleToWebAPIProject\WebAPIProject.csproj", "{FD7E9D89-F415-44E1-BFC7-245950860970}"
EndProject
Global
	GlobalSection(SolutionConfigurationPlatforms) = preSolution
		Debug|Any CPU = Debug|Any CPU
		Release|Any CPU = Release|Any CPU
	EndGlobalSection
	GlobalSection(ProjectConfigurationPlatforms) = postSolution
		{FD7E9D89-F415-44E1-BFC7-245950860970}.Debug|Any CPU.ActiveCfg = Debug|Any CPU
		{FD7E9D89-F415-44E1-BFC7-245950860970}.Debug|Any CPU.Build.0 = Debug|Any CPU
		{FD7E9D89-F415-44E1-BFC7-245950860970}.Release|Any CPU.ActiveCfg = Release|Any CPU
		{FD7E9D89-F415-44E1-BFC7-245950860970}.Release|Any CPU.Build.0 = Release|Any CPU
	EndGlobalSection
	GlobalSection(SolutionProperties) = preSolution
		HideSolutionNode = FALSE
	EndGlobalSection
	GlobalSection(ExtensibilityGlobals) = postSolution
		SolutionGuid = {5412E1BC-5DE7-471C-87B7-6E284E53DEDD}
	EndGlobalSection
EndGlobal
