
Microsoft Visual Studio Solution File, Format Version 12.00
# Visual Studio Version 17
VisualStudioVersion = 17.5.33516.290
MinimumVisualStudioVersion = 10.0.40219.1
Project("{FAE04EC0-301F-11D3-BF4B-00C04F79EFBC}") = "FirmWebApiDemo", "FirmWebApiDemo\FirmWebApiDemo.csproj", "{BF56D36C-D3F3-4DC7-9188-9D69DF09586D}"
EndProject
Global
	GlobalSection(SolutionConfigurationPlatforms) = preSolution
		Debug|Any CPU = Debug|Any CPU
		Release|Any CPU = Release|Any CPU
	EndGlobalSection
	GlobalSection(ProjectConfigurationPlatforms) = postSolution
		{BF56D36C-D3F3-4DC7-9188-9D69DF09586D}.Debug|Any CPU.ActiveCfg = Debug|Any CPU
		{BF56D36C-D3F3-4DC7-9188-9D69DF09586D}.Debug|Any CPU.Build.0 = Debug|Any CPU
		{BF56D36C-D3F3-4DC7-9188-9D69DF09586D}.Release|Any CPU.ActiveCfg = Release|Any CPU
		{BF56D36C-D3F3-4DC7-9188-9D69DF09586D}.Release|Any CPU.Build.0 = Release|Any CPU
	EndGlobalSection
	GlobalSection(SolutionProperties) = preSolution
		HideSolutionNode = FALSE
	EndGlobalSection
	GlobalSection(ExtensibilityGlobals) = postSolution
		SolutionGuid = {2911F3A8-9D3D-4C02-A808-4C1C61F8CD52}
	EndGlobalSection
EndGlobal
