
Microsoft Visual Studio Solution File, Format Version 12.00
# Visual Studio Version 17
VisualStudioVersion = 17.5.33516.290
MinimumVisualStudioVersion = 10.0.40219.1
Project("{FAE04EC0-301F-11D3-BF4B-00C04F79EFBC}") = "DummyServer", "DummyServer\DummyServer.csproj", "{F5EB26FA-8CAC-4F56-887F-9018C8171C7B}"
EndProject
Global
	GlobalSection(SolutionConfigurationPlatforms) = preSolution
		Debug|Any CPU = Debug|Any CPU
		Release|Any CPU = Release|Any CPU
	EndGlobalSection
	GlobalSection(ProjectConfigurationPlatforms) = postSolution
		{F5EB26FA-8CAC-4F56-887F-9018C8171C7B}.Debug|Any CPU.ActiveCfg = Debug|Any CPU
		{F5EB26FA-8CAC-4F56-887F-9018C8171C7B}.Debug|Any CPU.Build.0 = Debug|Any CPU
		{F5EB26FA-8CAC-4F56-887F-9018C8171C7B}.Release|Any CPU.ActiveCfg = Release|Any CPU
		{F5EB26FA-8CAC-4F56-887F-9018C8171C7B}.Release|Any CPU.Build.0 = Release|Any CPU
	EndGlobalSection
	GlobalSection(SolutionProperties) = preSolution
		HideSolutionNode = FALSE
	EndGlobalSection
	GlobalSection(ExtensibilityGlobals) = postSolution
		SolutionGuid = {220DA626-2BF5-48ED-99B2-4C8BB51FF85D}
	EndGlobalSection
EndGlobal
