
Microsoft Visual Studio Solution File, Format Version 12.00
# Visual Studio Version 17
VisualStudioVersion = 17.5.33516.290
MinimumVisualStudioVersion = 10.0.40219.1
Project("{9A19103F-16F7-4668-BE54-9A1E7A4F7556}") = "DemoConsoleLoggingApp", "DemoConsoleLoggingApp\DemoConsoleLoggingApp.csproj", "{A487FE83-958A-478E-824B-4C3135111866}"
EndProject
Project("{FAE04EC0-301F-11D3-BF4B-00C04F79EFBC}") = "NLogInConsoleApp", "NLogInConsoleApp\NLogInConsoleApp.csproj", "{520C7E36-FDCE-4636-8F31-DB3CDAA414F9}"
EndProject
Global
	GlobalSection(SolutionConfigurationPlatforms) = preSolution
		Debug|Any CPU = Debug|Any CPU
		Release|Any CPU = Release|Any CPU
	EndGlobalSection
	GlobalSection(ProjectConfigurationPlatforms) = postSolution
		{A487FE83-958A-478E-824B-4C3135111866}.Debug|Any CPU.ActiveCfg = Debug|Any CPU
		{A487FE83-958A-478E-824B-4C3135111866}.Debug|Any CPU.Build.0 = Debug|Any CPU
		{A487FE83-958A-478E-824B-4C3135111866}.Release|Any CPU.ActiveCfg = Release|Any CPU
		{A487FE83-958A-478E-824B-4C3135111866}.Release|Any CPU.Build.0 = Release|Any CPU
		{520C7E36-FDCE-4636-8F31-DB3CDAA414F9}.Debug|Any CPU.ActiveCfg = Debug|Any CPU
		{520C7E36-FDCE-4636-8F31-DB3CDAA414F9}.Debug|Any CPU.Build.0 = Debug|Any CPU
		{520C7E36-FDCE-4636-8F31-DB3CDAA414F9}.Release|Any CPU.ActiveCfg = Release|Any CPU
		{520C7E36-FDCE-4636-8F31-DB3CDAA414F9}.Release|Any CPU.Build.0 = Release|Any CPU
	EndGlobalSection
	GlobalSection(SolutionProperties) = preSolution
		HideSolutionNode = FALSE
	EndGlobalSection
	GlobalSection(ExtensibilityGlobals) = postSolution
		SolutionGuid = {44CDA7F3-CB9B-4E1F-92C4-49E39135AE27}
	EndGlobalSection
EndGlobal
