
Microsoft Visual Studio Solution File, Format Version 12.00
# Visual Studio Version 17
VisualStudioVersion = 17.5.33516.290
MinimumVisualStudioVersion = 10.0.40219.1
Project("{FAE04EC0-301F-11D3-BF4B-00C04F79EFBC}") = "AdvanceTopicsDx", "AdvanceTopicsDx\AdvanceTopicsDx.csproj", "{C2A6B6FB-4538-44E1-8FB6-E5ADAC0F867E}"
EndProject
Global
	GlobalSection(SolutionConfigurationPlatforms) = preSolution
		Debug|Any CPU = Debug|Any CPU
		Release|Any CPU = Release|Any CPU
	EndGlobalSection
	GlobalSection(ProjectConfigurationPlatforms) = postSolution
		{C2A6B6FB-4538-44E1-8FB6-E5ADAC0F867E}.Debug|Any CPU.ActiveCfg = Debug|Any CPU
		{C2A6B6FB-4538-44E1-8FB6-E5ADAC0F867E}.Debug|Any CPU.Build.0 = Debug|Any CPU
		{C2A6B6FB-4538-44E1-8FB6-E5ADAC0F867E}.Release|Any CPU.ActiveCfg = Release|Any CPU
		{C2A6B6FB-4538-44E1-8FB6-E5ADAC0F867E}.Release|Any CPU.Build.0 = Release|Any CPU
	EndGlobalSection
	GlobalSection(SolutionProperties) = preSolution
		HideSolutionNode = FALSE
	EndGlobalSection
	GlobalSection(ExtensibilityGlobals) = postSolution
		SolutionGuid = {F0B03A92-83B4-4556-92AC-B7CF3D9F2712}
	EndGlobalSection
EndGlobal
