
Microsoft Visual Studio Solution File, Format Version 12.00
# Visual Studio Version 17
VisualStudioVersion = 17.7.34202.233
MinimumVisualStudioVersion = 10.0.40219.1
Project("{FAE04EC0-301F-11D3-BF4B-00C04F79EFBC}") = "WebApplication1", "WebApplication1\WebApplication1.csproj", "{057BE148-932E-4721-BC18-90E5A1C931BE}"
EndProject
Global
	GlobalSection(SolutionConfigurationPlatforms) = preSolution
		Debug|Any CPU = Debug|Any CPU
		Release|Any CPU = Release|Any CPU
	EndGlobalSection
	GlobalSection(ProjectConfigurationPlatforms) = postSolution
		{057BE148-932E-4721-BC18-90E5A1C931BE}.Debug|Any CPU.ActiveCfg = Debug|Any CPU
		{057BE148-932E-4721-BC18-90E5A1C931BE}.Debug|Any CPU.Build.0 = Debug|Any CPU
		{057BE148-932E-4721-BC18-90E5A1C931BE}.Release|Any CPU.ActiveCfg = Release|Any CPU
		{057BE148-932E-4721-BC18-90E5A1C931BE}.Release|Any CPU.Build.0 = Release|Any CPU
	EndGlobalSection
	GlobalSection(SolutionProperties) = preSolution
		HideSolutionNode = FALSE
	EndGlobalSection
	GlobalSection(ExtensibilityGlobals) = postSolution
		SolutionGuid = {88926ED5-18FC-4202-94FD-19F22A7D3021}
	EndGlobalSection
EndGlobal
