
Microsoft Visual Studio Solution File, Format Version 12.00
# Visual Studio Version 17
VisualStudioVersion = 17.7.34202.233
MinimumVisualStudioVersion = 10.0.40219.1
Project("{9A19103F-16F7-4668-BE54-9A1E7A4F7556}") = "FirmManagementApplication", "FirmManagementApplication\FirmManagementApplication.csproj", "{5503F0AD-A810-4255-B25B-F2434058C89A}"
EndProject
Project("{9A19103F-16F7-4668-BE54-9A1E7A4F7556}") = "AttendanceManagement", "AttendenceManagement\AttendanceManagement.csproj", "{EC266E91-9B54-4DEB-AA6C-BB9BFBBAEF30}"
EndProject
Project("{9A19103F-16F7-4668-BE54-9A1E7A4F7556}") = "SalaryManagement", "SalaryManagement\SalaryManagement.csproj", "{AA205BDA-D9DD-49B0-A88C-77D93FAE7295}"
EndProject
Global
	GlobalSection(SolutionConfigurationPlatforms) = preSolution
		Debug|Any CPU = Debug|Any CPU
		Release|Any CPU = Release|Any CPU
	EndGlobalSection
	GlobalSection(ProjectConfigurationPlatforms) = postSolution
		{5503F0AD-A810-4255-B25B-F2434058C89A}.Debug|Any CPU.ActiveCfg = Debug|Any CPU
		{5503F0AD-A810-4255-B25B-F2434058C89A}.Debug|Any CPU.Build.0 = Debug|Any CPU
		{5503F0AD-A810-4255-B25B-F2434058C89A}.Release|Any CPU.ActiveCfg = Release|Any CPU
		{5503F0AD-A810-4255-B25B-F2434058C89A}.Release|Any CPU.Build.0 = Release|Any CPU
		{EC266E91-9B54-4DEB-AA6C-BB9BFBBAEF30}.Debug|Any CPU.ActiveCfg = Debug|Any CPU
		{EC266E91-9B54-4DEB-AA6C-BB9BFBBAEF30}.Debug|Any CPU.Build.0 = Debug|Any CPU
		{EC266E91-9B54-4DEB-AA6C-BB9BFBBAEF30}.Release|Any CPU.ActiveCfg = Release|Any CPU
		{EC266E91-9B54-4DEB-AA6C-BB9BFBBAEF30}.Release|Any CPU.Build.0 = Release|Any CPU
		{AA205BDA-D9DD-49B0-A88C-77D93FAE7295}.Debug|Any CPU.ActiveCfg = Debug|Any CPU
		{AA205BDA-D9DD-49B0-A88C-77D93FAE7295}.Debug|Any CPU.Build.0 = Debug|Any CPU
		{AA205BDA-D9DD-49B0-A88C-77D93FAE7295}.Release|Any CPU.ActiveCfg = Release|Any CPU
		{AA205BDA-D9DD-49B0-A88C-77D93FAE7295}.Release|Any CPU.Build.0 = Release|Any CPU
	EndGlobalSection
	GlobalSection(SolutionProperties) = preSolution
		HideSolutionNode = FALSE
	EndGlobalSection
	GlobalSection(ExtensibilityGlobals) = postSolution
		SolutionGuid = {2CD08727-7A58-4EEA-924A-63AB44E9A894}
	EndGlobalSection
EndGlobal
